schema: '2.0'
stages:
  ingest:
    cmd: python src/data/ingest_data.py --symbol BTC-USD
    deps:
    - path: src/data/ingest_data.py
      hash: md5
      md5: de2e3073a324766df5ed40b0973610d9
      size: 1134
    outs:
    - path: data/btc-usd_historical.csv
      hash: md5
      md5: 3847d305ebcd9311aeb763b8e3baf341
      size: 185734
  train:
    cmd: python src/model/train.py
    deps:
    - path: data/btc-usd_historical.csv
      hash: md5
      md5: 3847d305ebcd9311aeb763b8e3baf341
      size: 185734
    - path: src/model/train.py
      hash: md5
      md5: ac8ddd0b06d697ceba1c4abe512c27da
      size: 2246
    outs:
    - path: src/model/artifacts/xgb_model.json
      hash: md5
      md5: 96ed05aafec8cc06d7632f3153ab4a89
      size: 1436028
